{
    "_meta": {
        "hash": {
            "sha256": "3163c88aa2ee402a153915c613bd3dfefbf3f89fee66535ab1f4682bdece3232"
        },
        "pipfile-spec": 6,
        "requires": {
            "python_version": "3.10"
        },
        "sources": [
            {
                "name": "pypi",
                "url": "https://pypi.org/simple",
                "verify_ssl": true
            }
        ]
    },
    "default": {
        "jarowinkler": {
            "hashes": [
                "sha256:012a8333328ce061cba1ff081843c8d80eb1afe8fa2889ad29d767ea3fdc7562",
                "sha256:01f85abb75fa43e98db34853d35570d98495ee2fcbbf45a93838e0289c162f19",
                "sha256:02b0bf34ffc2995b695d9b10d2f18c1c447fbbdb7c913a84a0a48c186ccca3b8",
                "sha256:0320f7187dced1ad413bf2c3631ec47567e65dfdea92c523aafb2c085ae15035",
                "sha256:0392b72ddb5ab5d6c1d5df94dbdac7bf229670e5e64b2b9a382d02d6158755e5",
                "sha256:04f18a7398766b36ffbe4bcd26d34fcd6ed01f4f2f7eea13e316e6cca0e10c98",
                "sha256:08c98387e04e749c84cc967db628e5047843f19f87bf515a35b72f7050bc28ad",
                "sha256:0a1929a0029f208cc9244499dc93b4d52ee8e80d2849177d425cf6e0be1ea781",
                "sha256:0c1a84e770b3ec7385a4f40efb30bdc96f96844564f91f8d3937d54a8969d82c",
                "sha256:0f33b6b1687db1be1abba60850628ee71547501592fcf3504e021274bc5ccb7a",
                "sha256:123163f01a5c43f12e4294e7ce567607d859e1446b1a43bd6cd404b3403ffa07",
                "sha256:141840f33345b00abd611839080edc99d4d31abd2dcf701a3e50c90f9bfb2383",
                "sha256:158f117481388f8d23fe4bd2567f37be0ccae0f4631c34e4b0345803147da207",
                "sha256:199f4f7edbc49439a97440caa1e244d2e33da3e16d7b0afce4e4dfd307e555c7",
                "sha256:208fc49741db5d3e6bbd4a2f7b32d32644b462bf205e7510eca4e2d530225f03",
                "sha256:2220665a1f52262ae8b76e3baf474ebcd209bfcb6a7cada346ffd62818f5aa3e",
                "sha256:278595417974553a8fdf3c8cce5c2b4f859335344075b870ecb55cc416eb76cf",
                "sha256:27defe81d76e02b3929322baea999f5232837e7f308c2dc5b37de7568c2bc583",
                "sha256:29ef1113697cc74c2f04bc15008abbd726cb2d5b01c040ba87c6cb7abd1d0e0d",
                "sha256:2ba1b1b0bf45042a9bbb95d272fd8b0c559fe8f6806f088ec0372899e1bc6224",
                "sha256:30565d70396eb9d1eb622e1e707ddc2f3b7a9692558b8bf4ea49415a5ca2f854",
                "sha256:32269ebbcb860f01c055d9bb145b4cc91990f62c7644a85b21458b4868621113",
                "sha256:33a24b380e2c076eabf2d3e12eee56b6bf10b1f326444e18c36a495387dbf0de",
                "sha256:3421120c07ee6d3f59c5adde32eb9a050cfd1b3666b0e2d8c337d934a9d091f9",
                "sha256:35fc430c11b80a43ed826879c78c4197ec665d5150745b3668bec961acf8a757",
                "sha256:3975cbe8b6ae13fc63d74bcbed8dac1577078d8cd8728e60621fe75885d2a8c5",
                "sha256:3b5a0839e84f5ff914b01b5b94d0273954affce9cc2b2ee2c31fe2fcb9c8ae76",
                "sha256:401c02ac7245103826f54c816324274f53d50b638ab0f8b359a13055a7a6e793",
                "sha256:427c675b4f3e83c79a4b6af7441f29e30a173c7a0ae72a54f51090eee7a8ae02",
                "sha256:43ea0155379df92021af0f4a32253be3953dfa0f050ec3515f314b8f48a96674",
                "sha256:465cfdff355ec9c55f65fd1e1315260ec20c8cff0eb90d9f1a0ad8d503dc002b",
                "sha256:473b057d7e5a0f5e5b8c0e0f7960d3ca2f2954c3c93fd7a9fb2cc4bc3cc940fb",
                "sha256:4ab25d147be9b04e7de2d28a18e72fadc152698c3e51683c6c61f73ffbae2f9e",
                "sha256:4b233180b3e2f2d7967aa570d36984e9d2ec5a9067c0d1c44cd3b805d9da9363",
                "sha256:4cb33f4343774d69abf8cf65ad57919e7a171c44ba6ad57b08147c3f0f06b073",
                "sha256:4d1c8f403016d5c0262de7a8588eee370c37a609e1f529f8407e99a70d020af7",
                "sha256:582f6e213a6744883ced44482a51efcc21ae632defac27f12f6430a8e99b1070",
                "sha256:58bc6a8f01b0dfdf3721f9a4954060addeccf8bbe5e72a71cf23a88ce0d30440",
                "sha256:5b380afce6cdc25a4dafd86874f07a393800577c05335c6ad67ccda41db95c60",
                "sha256:5b9332dcc8130af4101c9752a03e977c54b8c12982a2a3ca4c2e4cc542accc00",
                "sha256:61b57c8b36361ec889f99f761441bb0fa21b850a5eb3305dea25fef68f6a797b",
                "sha256:657f50204970fac8f120c293e52a3451b742c9b26125010405ec7365cb6e2a49",
                "sha256:662dd6f59cca536640be0cda32c901989504d95316b192e6aa41d098fa08c795",
                "sha256:679ec7a42f70baa61f3a214d1b59cec90fc036021c759722075efcc8697e7b1f",
                "sha256:6c9d3a9ef008428b5dce2855eebe2b6127ea7a7e433aedf240653fad4bd4baa6",
                "sha256:71772fcd787e0286b779de0f1bef1e0a25deb4578328c0fc633bc345f13ffd20",
                "sha256:788ac33e6ffdbd78fd913b481e37cfa149288575f087a1aae1a4ce219cb1c654",
                "sha256:895a10766ff3db15e7cf2b735e4277bee051eaafb437aaaef2c5de64a5c3f05c",
                "sha256:8b1288a09a8d100e9bf7cf9ce1329433db73a0d0350d74c2c6f5c31ac69096cf",
                "sha256:8e59a289dcf93504ab92795666c39b2dbe98ac18655201992a7e6247de676bf4",
                "sha256:90a7f3fd173339bc62e52c02f43d50c947cb3af9cda41646e218aea13547e0c2",
                "sha256:912ee0a465822a8d659413cebc1ab9937ac5850c9cd1e80be478ba209e7c8095",
                "sha256:924afcab6739c453f1c3492701d185d71dc0e5ba15692bd0bfa6d482c7e8f79e",
                "sha256:94f663ad85bc7a89d7e8b6048f93a46d2848a0570ab07fc895a239b9a5d97b93",
                "sha256:9511f4e1f00c822e08dbffeb69e15c75eb294a5f24729815a97807ecf03d22eb",
                "sha256:a3d7759d8a66ee05595bde012f93da8a63499f38205e2bb47022c52bd6c47108",
                "sha256:a5c44f92e9ac6088286292ecb69e970adc2b98e139b8923bce9bbb9d484e6a0f",
                "sha256:a9b33b0ceb472bbc65683467189bd032c162256b2a137586ee3448a9f8f886ec",
                "sha256:ab50ffa66aa201616871c1b90ac0790f56666118db3c8a8fcb3a7a6e03971510",
                "sha256:aea2c7d66b57c56d00f9c45ae7862d86e3ae84368ecea17f3552c0052a7f3bcf",
                "sha256:af765b037404a536c372e33ddd4c430aea28f1d82a8ef51a2955442b8b690577",
                "sha256:b587e8fdd96cc470d6bdf428129c65264731b09b5db442e2d092e983feec4aab",
                "sha256:bdb892dbbbd77b3789a10b2ce5e8acfe5821cc6423e835bae2b489159f3c2211",
                "sha256:c36eccdc866f06a7b35da701bd8f91e0dfc83b35c07aba75ce8c906cbafaf184",
                "sha256:d41fdecd907189e47c7d478e558ad417da38bf3eb34cc20527035cb3fca3e2b8",
                "sha256:d710921657442ad3c942de684aba0bdf16b7de5feed3223b12f3b2517cf17f7c",
                "sha256:da27a9c206249a50701bfa5cfbbb3a04236e1145b2b0967e825438acb14269bf",
                "sha256:dad57327cc90f8daa3afb98e2d274d7dd1b60651f32717449be95d3b3366d61a",
                "sha256:dde57d47962d6a4436d8a3b477bcc8233c6da28e675027eb3a490b0d6dc325be",
                "sha256:df7a8e45176298a1210c06f8b2328030cc3c93a45dab068ac1fbc9cf075cd95b",
                "sha256:e1d7d6e6c98fb785026584373240cc4076ad21033f508973faae05e846206e8c",
                "sha256:e4cf4b7090f0c4075bec1638717f54b22c3b0fe733dc87146a19574346ed3161",
                "sha256:e4fd1757eff43df97227fd63d9c8078582267a0b25cefef6f6a64d3e46e80ba2",
                "sha256:e50c750a45c800d91134200d8cbf746258ed357a663e97cc0348ee42a948386a",
                "sha256:e73712747ac5d2218af3ed3c1600377f18a0a45af95f22c39576165aea2908b4",
                "sha256:e7829368fc91de225f37f6325f8d8ec7ad831dc5b0e9547f1977e2fdc85eccc1",
                "sha256:ed39199b0e806902347473c65e5c05933549cf7e55ba628c6812782f2c310b19",
                "sha256:ee9d9af1bbf194d78f4b69c2139807c23451068b27a053a1400d683d6f36c61d",
                "sha256:f592f9f6179e347a5f518ca7feb9bf3ac068f2fad60ece5a0eef5e5e580d4c8b",
                "sha256:ff304de32ee6acd5387103a0ad584060d8d419aa19cbbeca95204de9c4f01171"
            ],
            "markers": "python_version >= '3.6'",
            "version": "==1.0.2"
        },
        "rapidfuzz": {
            "hashes": [
                "sha256:07ccd298a24de2dadead47e75f23ff747ed3ee551964a8401ccae31a577cebb1",
                "sha256:0fd757a38e14f247d929af7df6762aee2082f7a6882c85a31f17b09a450bbb5e",
                "sha256:1332fb51345e431ba39e075c3dbc222bb9770f0e73c097c7a65c8c2ea331004c",
                "sha256:14234ecc57e1799e24c9dcd230bba02630c4f38ca60c0eb075452313da8e0e95",
                "sha256:1f892f3dd0acfbc2ba0b90d72cac42dd468ac9a8f7ac2179c91c29c22a4f7960",
                "sha256:233024373cb77dc2ef510b5fccac0429edb3294ea631ad777a7e3ff614501578",
                "sha256:2ac560a603d0d1b9d70cc0a376d1adf57ece4195e61351d410e0c7b0fa280cbe",
                "sha256:2c6a47418b86a6b8267a89f253e2b14f9aa8b4b559141b15f8c8a9769d19b109",
                "sha256:2ee380254d8b29d0b0f47a020e7f16375a4d97164b8071b3f94d5c684d744093",
                "sha256:3062ea2a0481196376e364470c682d5ebc22eb5d4c114350f05f079119ea61b8",
                "sha256:34416ee6265dfa1415e9f10c7dafe6a85296117f534f67d00021eeaa661c8d9e",
                "sha256:4044ef50f020f16f99b5979784b648b7ab90cd6bd0d275359818a2c155f9c01d",
                "sha256:42bc2cf64ebbf2a80e6fd03353679de17118a431dce358cfadc7cdb72ac9510a",
                "sha256:46a46b8bab2ceee4877dfb281e94a43197b118d96cb04325e07540f7f9c57324",
                "sha256:49fd3d2a789abc30c811d6ed81db1c5f143caf5e975720bf9ab62c920253d5e9",
                "sha256:603d179205972ebb5b01e7a84ead465d08813d50401216d5cc81fc2589e2c957",
                "sha256:636489517bbd0786f300948f8eba59635f2fb781ecbc2ed19deba3426ee32ab6",
                "sha256:723a48d5937e4a558fb5df553b3d0e0b3cc05de7f7a8d43a920682b796010ab5",
                "sha256:7983ed01b0ac5343bea4d737024576a86a8c68f3c8d811498eb0facf8d3bafc1",
                "sha256:79883fcfc3e550b356d45ac2bf1af391161f9ddb64b1ed504f9a94086b824709",
                "sha256:8157406a1b44cd742d65c65ca8345e47fcc8642148a970626b886fb52b3abd1d",
                "sha256:8c9b344e3f69c5b69ae0c96411d3ee1dab02ec49124471e44ce2a16f6446fa6d",
                "sha256:93bf42784fd74ebf1a8e89ca1596e9bea7f3ac4a61b825ecc6eb2d9893ad6844",
                "sha256:9ec9fd78d40f392cd4ce91dbb17477cd07740d0cb0b7bf44e9ab67c16ee3d5ce",
                "sha256:9fe01ca2cbdb2aee6f80c1fc3a82fa69ee9ef9c44f085a725113b5d12209e05d",
                "sha256:a1e70ec13c00a9f28cce76a29eb5c4e6aeb5dadb9ddb35b74dfe05d503c09a4a",
                "sha256:a934734aa247f57c683932ae0d38653063b2d97540598b551294b40ff242bd62",
                "sha256:a95a45939cbd035c2d4779765a81485215a12fa5f1b912c2738374fad93e753d",
                "sha256:a9959374974fb96d3941334f5f8caeea971ea9718279514748c53d381146c5a7",
                "sha256:ac993b8760c5308d885c300355e2c537daf0696ebc5d30436af83818978e661c",
                "sha256:ad5282cf9921c6dbfe1c58e5af05c3014eabc20afd8fafcc0e6a56e9263875a0",
                "sha256:ae15eb44e014101b208c97a253d850d6fb4a8465f3c9ee8be3508b03135ad0e7",
                "sha256:b2a988b5ff46823e0d5e14b4a1cce3ef13024009115df61d1d3b7ba14678f421",
                "sha256:b306b4a1d42a8dfd5f3daff9a82853f1541e5c74a2ec34515a5e5cd51f3c7307",
                "sha256:be8121175e7096062a312b73823385389635c4dec50a9e0496b29c4ba0b50362",
                "sha256:c42064174035f3633f4a815c38a76514875ca8531fac3f992202a41d1f338a41",
                "sha256:c47fda63c0d9d8275b319cdc226f96b3f1c16a395409442bff566b6de6b7cac9",
                "sha256:c67d650e25a7c281127865cc50c3588d5319200c8a11837df51ab3eead7cf066",
                "sha256:cbfc3fcbbd00edf7f917ad0d6bf46350c64a9910c14d05e1936d436170f2531d",
                "sha256:d06a394e475316aeddbf4bf9691aabf4825f8c1acf87b49abbb7b9dad7e555ae",
                "sha256:d44d74ace68b3ec6dee4501188c74f124da8c940877989baf9f672d51368e171",
                "sha256:d9224115aae07d42b9250d8ca58d5568cab2ddd8720c551aa7de9dcec661ee86",
                "sha256:e7f34f905a0e9fa01cf26b9208daac6523708f9439958397b21b95c6c4fe508b"
            ],
            "index": "pypi",
            "version": "==2.0.7"
        }
    },
    "develop": {}
}
